// !$*UTF8*$!
{
	archiveVersion = 1;
	classes = {
	};
	objectVersion = 56;
	objects = {

/* Begin PBXBuildFile section */
		7BFFF42D2C85D85900FE9749 /* MultepeerMessagerApp.swift in Sources */ = {isa = PBXBuildFile; fileRef = 7BFFF42C2C85D85900FE9749 /* MultepeerMessagerApp.swift */; };
		7BFFF42F2C85D85900FE9749 /* ContentView.swift in Sources */ = {isa = PBXBuildFile; fileRef = 7BFFF42E2C85D85900FE9749 /* ContentView.swift */; };
		7BFFF4312C85D85A00FE9749 /* Assets.xcassets in Resources */ = {isa = PBXBuildFile; fileRef = 7BFFF4302C85D85A00FE9749 /* Assets.xcassets */; };
		7BFFF4342C85D85A00FE9749 /* Preview Assets.xcassets in Resources */ = {isa = PBXBuildFile; fileRef = 7BFFF4332C85D85A00FE9749 /* Preview Assets.xcassets */; };
		7BFFF4362C85D85A00FE9749 /* Persistence.swift in Sources */ = {isa = PBXBuildFile; fileRef = 7BFFF4352C85D85A00FE9749 /* Persistence.swift */; };
		7BFFF4392C85D85A00FE9749 /* MultepeerMessager.xcdatamodeld in Sources */ = {isa = PBXBuildFile; fileRef = 7BFFF4372C85D85A00FE9749 /* MultepeerMessager.xcdatamodeld */; };
		7BFFF4432C85D85B00FE9749 /* MultepeerMessagerTests.swift in Sources */ = {isa = PBXBuildFile; fileRef = 7BFFF4422C85D85B00FE9749 /* MultepeerMessagerTests.swift */; };
		7BFFF44D2C85D85B00FE9749 /* MultepeerMessagerUITests.swift in Sources */ = {isa = PBXBuildFile; fileRef = 7BFFF44C2C85D85B00FE9749 /* MultepeerMessagerUITests.swift */; };
		7BFFF44F2C85D85B00FE9749 /* MultepeerMessagerUITestsLaunchTests.swift in Sources */ = {isa = PBXBuildFile; fileRef = 7BFFF44E2C85D85B00FE9749 /* MultepeerMessagerUITestsLaunchTests.swift */; };
/* End PBXBuildFile section */

/* Begin PBXContainerItemProxy section */
		7BFFF43F2C85D85B00FE9749 /* PBXContainerItemProxy */ = {
			isa = PBXContainerItemProxy;
			containerPortal = 7BFFF4212C85D85900FE9749 /* Project object */;
			proxyType = 1;
			remoteGlobalIDString = 7BFFF4282C85D85900FE9749;
			remoteInfo = MultepeerMessager;
		};
		7BFFF4492C85D85B00FE9749 /* PBXContainerItemProxy */ = {
			isa = PBXContainerItemProxy;
			containerPortal = 7BFFF4212C85D85900FE9749 /* Project object */;
			proxyType = 1;
			remoteGlobalIDString = 7BFFF4282C85D85900FE9749;
			remoteInfo = MultepeerMessager;
		};
/* End PBXContainerItemProxy section */

/* Begin PBXFileReference section */
		7BFFF4292C85D85900FE9749 /* MultepeerMessager.app */ = {isa = PBXFileReference; explicitFileType = wrapper.application; includeInIndex = 0; path = MultepeerMessager.app; sourceTree = BUILT_PRODUCTS_DIR; };
		7BFFF42C2C85D85900FE9749 /* MultepeerMessagerApp.swift */ = {isa = PBXFileReference; lastKnownFileType = sourcecode.swift; path = MultepeerMessagerApp.swift; sourceTree = "<group>"; };
		7BFFF42E2C85D85900FE9749 /* ContentView.swift */ = {isa = PBXFileReference; lastKnownFileType = sourcecode.swift; path = ContentView.swift; sourceTree = "<group>"; };
		7BFFF4302C85D85A00FE9749 /* Assets.xcassets */ = {isa = PBXFileReference; lastKnownFileType = folder.assetcatalog; path = Assets.xcassets; sourceTree = "<group>"; };
		7BFFF4332C85D85A00FE9749 /* Preview Assets.xcassets */ = {isa = PBXFileReference; lastKnownFileType = folder.assetcatalog; path = "Preview Assets.xcassets"; sourceTree = "<group>"; };
		7BFFF4352C85D85A00FE9749 /* Persistence.swift */ = {isa = PBXFileReference; lastKnownFileType = sourcecode.swift; path = Persistence.swift; sourceTree = "<group>"; };
		7BFFF4382C85D85A00FE9749 /* MultepeerMessager.xcdatamodel */ = {isa = PBXFileReference; lastKnownFileType = wrapper.xcdatamodel; path = MultepeerMessager.xcdatamodel; sourceTree = "<group>"; };
		7BFFF43E2C85D85B00FE9749 /* MultepeerMessagerTests.xctest */ = {isa = PBXFileReference; explicitFileType = wrapper.cfbundle; includeInIndex = 0; path = MultepeerMessagerTests.xctest; sourceTree = BUILT_PRODUCTS_DIR; };
		7BFFF4422C85D85B00FE9749 /* MultepeerMessagerTests.swift */ = {isa = PBXFileReference; lastKnownFileType = sourcecode.swift; path = MultepeerMessagerTests.swift; sourceTree = "<group>"; };
		7BFFF4482C85D85B00FE9749 /* MultepeerMessagerUITests.xctest */ = {isa = PBXFileReference; explicitFileType = wrapper.cfbundle; includeInIndex = 0; path = MultepeerMessagerUITests.xctest; sourceTree = BUILT_PRODUCTS_DIR; };
		7BFFF44C2C85D85B00FE9749 /* MultepeerMessagerUITests.swift */ = {isa = PBXFileReference; lastKnownFileType = sourcecode.swift; path = MultepeerMessagerUITests.swift; sourceTree = "<group>"; };
		7BFFF44E2C85D85B00FE9749 /* MultepeerMessagerUITestsLaunchTests.swift */ = {isa = PBXFileReference; lastKnownFileType = sourcecode.swift; path = MultepeerMessagerUITestsLaunchTests.swift; sourceTree = "<group>"; };
/* End PBXFileReference section */

/* Begin PBXFrameworksBuildPhase section */
		7BFFF4262C85D85900FE9749 /* Frameworks */ = {
			isa = PBXFrameworksBuildPhase;
			buildActionMask = 2147483647;
			files = (
			);
			runOnlyForDeploymentPostprocessing = 0;
		};
		7BFFF43B2C85D85B00FE9749 /* Frameworks */ = {
			isa = PBXFrameworksBuildPhase;
			buildActionMask = 2147483647;
			files = (
			);
			runOnlyForDeploymentPostprocessing = 0;
		};
		7BFFF4452C85D85B00FE9749 /* Frameworks */ = {
			isa = PBXFrameworksBuildPhase;
			buildActionMask = 2147483647;
			files = (
			);
			runOnlyForDeploymentPostprocessing = 0;
		};
/* End PBXFrameworksBuildPhase section */

/* Begin PBXGroup section */
		7BFFF4202C85D85900FE9749 = {
			isa = PBXGroup;
			children = (
				7BFFF42B2C85D85900FE9749 /* MultepeerMessager */,
				7BFFF4412C85D85B00FE9749 /* MultepeerMessagerTests */,
				7BFFF44B2C85D85B00FE9749 /* MultepeerMessagerUITests */,
				7BFFF42A2C85D85900FE9749 /* Products */,
			);
			sourceTree = "<group>";
		};
		7BFFF42A2C85D85900FE9749 /* Products */ = {
			isa = PBXGroup;
			children = (
				7BFFF4292C85D85900FE9749 /* MultepeerMessager.app */,
				7BFFF43E2C85D85B00FE9749 /* MultepeerMessagerTests.xctest */,
				7BFFF4482C85D85B00FE9749 /* MultepeerMessagerUITests.xctest */,
			);
			name = Products;
			sourceTree = "<group>";
		};
		7BFFF42B2C85D85900FE9749 /* MultepeerMessager */ = {
			isa = PBXGroup;
			children = (
				7BFFF42C2C85D85900FE9749 /* MultepeerMessagerApp.swift */,
				7BFFF42E2C85D85900FE9749 /* ContentView.swift */,
				7BFFF4302C85D85A00FE9749 /* Assets.xcassets */,
				7BFFF4352C85D85A00FE9749 /* Persistence.swift */,
				7BFFF4372C85D85A00FE9749 /* MultepeerMessager.xcdatamodeld */,
				7BFFF4322C85D85A00FE9749 /* Preview Content */,
			);
			path = MultepeerMessager;
			sourceTree = "<group>";
		};
		7BFFF4322C85D85A00FE9749 /* Preview Content */ = {
			isa = PBXGroup;
			children = (
				7BFFF4332C85D85A00FE9749 /* Preview Assets.xcassets */,
			);
			path = "Preview Content";
			sourceTree = "<group>";
		};
		7BFFF4412C85D85B00FE9749 /* MultepeerMessagerTests */ = {
			isa = PBXGroup;
			children = (
				7BFFF4422C85D85B00FE9749 /* MultepeerMessagerTests.swift */,
			);
			path = MultepeerMessagerTests;
			sourceTree = "<group>";
		};
		7BFFF44B2C85D85B00FE9749 /* MultepeerMessagerUITests */ = {
			isa = PBXGroup;
			children = (
				7BFFF44C2C85D85B00FE9749 /* MultepeerMessagerUITests.swift */,
				7BFFF44E2C85D85B00FE9749 /* MultepeerMessagerUITestsLaunchTests.swift */,
			);
			path = MultepeerMessagerUITests;
			sourceTree = "<group>";
		};
/* End PBXGroup section */

/* Begin PBXNativeTarget section */
		7BFFF4282C85D85900FE9749 /* MultepeerMessager */ = {
			isa = PBXNativeTarget;
			buildConfigurationList = 7BFFF4522C85D85B00FE9749 /* Build configuration list for PBXNativeTarget "MultepeerMessager" */;
			buildPhases = (
				7BFFF4252C85D85900FE9749 /* Sources */,
				7BFFF4262C85D85900FE9749 /* Frameworks */,
				7BFFF4272C85D85900FE9749 /* Resources */,
			);
			buildRules = (
			);
			dependencies = (
			);
			name = MultepeerMessager;
			productName = MultepeerMessager;
			productReference = 7BFFF4292C85D85900FE9749 /* MultepeerMessager.app */;
			productType = "com.apple.product-type.application";
		};
		7BFFF43D2C85D85B00FE9749 /* MultepeerMessagerTests */ = {
			isa = PBXNativeTarget;
			buildConfigurationList = 7BFFF4552C85D85B00FE9749 /* Build configuration list for PBXNativeTarget "MultepeerMessagerTests" */;
			buildPhases = (
				7BFFF43A2C85D85B00FE9749 /* Sources */,
				7BFFF43B2C85D85B00FE9749 /* Frameworks */,
				7BFFF43C2C85D85B00FE9749 /* Resources */,
			);
			buildRules = (
			);
			dependencies = (
				7BFFF4402C85D85B00FE9749 /* PBXTargetDependency */,
			);
			name = MultepeerMessagerTests;
			productName = MultepeerMessagerTests;
			productReference = 7BFFF43E2C85D85B00FE9749 /* MultepeerMessagerTests.xctest */;
			productType = "com.apple.product-type.bundle.unit-test";
		};
		7BFFF4472C85D85B00FE9749 /* MultepeerMessagerUITests */ = {
			isa = PBXNativeTarget;
			buildConfigurationList = 7BFFF4582C85D85B00FE9749 /* Build configuration list for PBXNativeTarget "MultepeerMessagerUITests" */;
			buildPhases = (
				7BFFF4442C85D85B00FE9749 /* Sources */,
				7BFFF4452C85D85B00FE9749 /* Frameworks */,
				7BFFF4462C85D85B00FE9749 /* Resources */,
			);
			buildRules = (
			);
			dependencies = (
				7BFFF44A2C85D85B00FE9749 /* PBXTargetDependency */,
			);
			name = MultepeerMessagerUITests;
			productName = MultepeerMessagerUITests;
			productReference = 7BFFF4482C85D85B00FE9749 /* MultepeerMessagerUITests.xctest */;
			productType = "com.apple.product-type.bundle.ui-testing";
		};
/* End PBXNativeTarget section */

/* Begin PBXProject section */
		7BFFF4212C85D85900FE9749 /* Project object */ = {
			isa = PBXProject;
			attributes = {
				BuildIndependentTargetsInParallel = 1;
				LastSwiftUpdateCheck = 1540;
				LastUpgradeCheck = 1540;
				TargetAttributes = {
					7BFFF4282C85D85900FE9749 = {
						CreatedOnToolsVersion = 15.4;
					};
					7BFFF43D2C85D85B00FE9749 = {
						CreatedOnToolsVersion = 15.4;
						TestTargetID = 7BFFF4282C85D85900FE9749;
					};
					7BFFF4472C85D85B00FE9749 = {
						CreatedOnToolsVersion = 15.4;
						TestTargetID = 7BFFF4282C85D85900FE9749;
					};
				};
			};
			buildConfigurationList = 7BFFF4242C85D85900FE9749 /* Build configuration list for PBXProject "MultepeerMessager" */;
			compatibilityVersion = "Xcode 14.0";
			developmentRegion = en;
			hasScannedForEncodings = 0;
			knownRegions = (
				en,
				Base,
			);
			mainGroup = 7BFFF4202C85D85900FE9749;
			productRefGroup = 7BFFF42A2C85D85900FE9749 /* Products */;
			projectDirPath = "";
			projectRoot = "";
			targets = (
				7BFFF4282C85D85900FE9749 /* MultepeerMessager */,
				7BFFF43D2C85D85B00FE9749 /* MultepeerMessagerTests */,
				7BFFF4472C85D85B00FE9749 /* MultepeerMessagerUITests */,
			);
		};
/* End PBXProject section */

/* Begin PBXResourcesBuildPhase section */
		7BFFF4272C85D85900FE9749 /* Resources */ = {
			isa = PBXResourcesBuildPhase;
			buildActionMask = 2147483647;
			files = (
				7BFFF4342C85D85A00FE9749 /* Preview Assets.xcassets in Resources */,
				7BFFF4312C85D85A00FE9749 /* Assets.xcassets in Resources */,
			);
			runOnlyForDeploymentPostprocessing = 0;
		};
		7BFFF43C2C85D85B00FE9749 /* Resources */ = {
			isa = PBXResourcesBuildPhase;
			buildActionMask = 2147483647;
			files = (
			);
			runOnlyForDeploymentPostprocessing = 0;
		};
		7BFFF4462C85D85B00FE9749 /* Resources */ = {
			isa = PBXResourcesBuildPhase;
			buildActionMask = 2147483647;
			files = (
			);
			runOnlyForDeploymentPostprocessing = 0;
		};
/* End PBXResourcesBuildPhase section */

/* Begin PBXSourcesBuildPhase section */
		7BFFF4252C85D85900FE9749 /* Sources */ = {
			isa = PBXSourcesBuildPhase;
			buildActionMask = 2147483647;
			files = (
				7BFFF4392C85D85A00FE9749 /* MultepeerMessager.xcdatamodeld in Sources */,
				7BFFF4362C85D85A00FE9749 /* Persistence.swift in Sources */,
				7BFFF42F2C85D85900FE9749 /* ContentView.swift in Sources */,
				7BFFF42D2C85D85900FE9749 /* MultepeerMessagerApp.swift in Sources */,
			);
			runOnlyForDeploymentPostprocessing = 0;
		};
		7BFFF43A2C85D85B00FE9749 /* Sources */ = {
			isa = PBXSourcesBuildPhase;
			buildActionMask = 2147483647;
			files = (
				7BFFF4432C85D85B00FE9749 /* MultepeerMessagerTests.swift in Sources */,
			);
			runOnlyForDeploymentPostprocessing = 0;
		};
		7BFFF4442C85D85B00FE9749 /* Sources */ = {
			isa = PBXSourcesBuildPhase;
			buildActionMask = 2147483647;
			files = (
				7BFFF44D2C85D85B00FE9749 /* MultepeerMessagerUITests.swift in Sources */,
				7BFFF44F2C85D85B00FE9749 /* MultepeerMessagerUITestsLaunchTests.swift in Sources */,
			);
			runOnlyForDeploymentPostprocessing = 0;
		};
/* End PBXSourcesBuildPhase section */

/* Begin PBXTargetDependency section */
		7BFFF4402C85D85B00FE9749 /* PBXTargetDependency */ = {
			isa = PBXTargetDependency;
			target = 7BFFF4282C85D85900FE9749 /* MultepeerMessager */;
			targetProxy = 7BFFF43F2C85D85B00FE9749 /* PBXContainerItemProxy */;
		};
		7BFFF44A2C85D85B00FE9749 /* PBXTargetDependency */ = {
			isa = PBXTargetDependency;
			target = 7BFFF4282C85D85900FE9749 /* MultepeerMessager */;
			targetProxy = 7BFFF4492C85D85B00FE9749 /* PBXContainerItemProxy */;
		};
/* End PBXTargetDependency section */

/* Begin XCBuildConfiguration section */
		7BFFF4502C85D85B00FE9749 /* Debug */ = {
			isa = XCBuildConfiguration;
			buildSettings = {
				ALWAYS_SEARCH_USER_PATHS = NO;
				ASSETCATALOG_COMPILER_GENERATE_SWIFT_ASSET_SYMBOL_EXTENSIONS = YES;
				CLANG_ANALYZER_NONNULL = YES;
				CLANG_ANALYZER_NUMBER_OBJECT_CONVERSION = YES_AGGRESSIVE;
				CLANG_CXX_LANGUAGE_STANDARD = "gnu++20";
				CLANG_ENABLE_MODULES = YES;
				CLANG_ENABLE_OBJC_ARC = YES;
				CLANG_ENABLE_OBJC_WEAK = YES;
				CLANG_WARN_BLOCK_CAPTURE_AUTORELEASING = YES;
				CLANG_WARN_BOOL_CONVERSION = YES;
				CLANG_WARN_COMMA = YES;
				CLANG_WARN_CONSTANT_CONVERSION = YES;
				CLANG_WARN_DEPRECATED_OBJC_IMPLEMENTATIONS = YES;
				CLANG_WARN_DIRECT_OBJC_ISA_USAGE = YES_ERROR;
				CLANG_WARN_DOCUMENTATION_COMMENTS = YES;
				CLANG_WARN_EMPTY_BODY = YES;
				CLANG_WARN_ENUM_CONVERSION = YES;
				CLANG_WARN_INFINITE_RECURSION = YES;
				CLANG_WARN_INT_CONVERSION = YES;
				CLANG_WARN_NON_LITERAL_NULL_CONVERSION = YES;
				CLANG_WARN_OBJC_IMPLICIT_RETAIN_SELF = YES;
				CLANG_WARN_OBJC_LITERAL_CONVERSION = YES;
				CLANG_WARN_OBJC_ROOT_CLASS = YES_ERROR;
				CLANG_WARN_QUOTED_INCLUDE_IN_FRAMEWORK_HEADER = YES;
				CLANG_WARN_RANGE_LOOP_ANALYSIS = YES;
				CLANG_WARN_STRICT_PROTOTYPES = YES;
				CLANG_WARN_SUSPICIOUS_MOVE = YES;
				CLANG_WARN_UNGUARDED_AVAILABILITY = YES_AGGRESSIVE;
				CLANG_WARN_UNREACHABLE_CODE = YES;
				CLANG_WARN__DUPLICATE_METHOD_MATCH = YES;
				COPY_PHASE_STRIP = NO;
				DEBUG_INFORMATION_FORMAT = dwarf;
				ENABLE_STRICT_OBJC_MSGSEND = YES;
				ENABLE_TESTABILITY = YES;
				ENABLE_USER_SCRIPT_SANDBOXING = YES;
				GCC_C_LANGUAGE_STANDARD = gnu17;
				GCC_DYNAMIC_NO_PIC = NO;
				GCC_NO_COMMON_BLOCKS = YES;
				GCC_OPTIMIZATION_LEVEL = 0;
				GCC_PREPROCESSOR_DEFINITIONS = (
					"DEBUG=1",
					"$(inherited)",
				);
				GCC_WARN_64_TO_32_BIT_CONVERSION = YES;
				GCC_WARN_ABOUT_RETURN_TYPE = YES_ERROR;
				GCC_WARN_UNDECLARED_SELECTOR = YES;
				GCC_WARN_UNINITIALIZED_AUTOS = YES_AGGRESSIVE;
				GCC_WARN_UNUSED_FUNCTION = YES;
				GCC_WARN_UNUSED_VARIABLE = YES;
				IPHONEOS_DEPLOYMENT_TARGET = 17.5;
				LOCALIZATION_PREFERS_STRING_CATALOGS = YES;
				MTL_ENABLE_DEBUG_INFO = INCLUDE_SOURCE;
				MTL_FAST_MATH = YES;
				ONLY_ACTIVE_ARCH = YES;
				SDKROOT = iphoneos;
				SWIFT_ACTIVE_COMPILATION_CONDITIONS = "DEBUG $(inherited)";
				SWIFT_OPTIMIZATION_LEVEL = "-Onone";
			};
			name = Debug;
		};
		7BFFF4512C85D85B00FE9749 /* Release */ = {
			isa = XCBuildConfiguration;
			buildSettings = {
				ALWAYS_SEARCH_USER_PATHS = NO;
				ASSETCATALOG_COMPILER_GENERATE_SWIFT_ASSET_SYMBOL_EXTENSIONS = YES;
				CLANG_ANALYZER_NONNULL = YES;
				CLANG_ANALYZER_NUMBER_OBJECT_CONVERSION = YES_AGGRESSIVE;
				CLANG_CXX_LANGUAGE_STANDARD = "gnu++20";
				CLANG_ENABLE_MODULES = YES;
				CLANG_ENABLE_OBJC_ARC = YES;
				CLANG_ENABLE_OBJC_WEAK = YES;
				CLANG_WARN_BLOCK_CAPTURE_AUTORELEASING = YES;
				CLANG_WARN_BOOL_CONVERSION = YES;
				CLANG_WARN_COMMA = YES;
				CLANG_WARN_CONSTANT_CONVERSION = YES;
				CLANG_WARN_DEPRECATED_OBJC_IMPLEMENTATIONS = YES;
				CLANG_WARN_DIRECT_OBJC_ISA_USAGE = YES_ERROR;
				CLANG_WARN_DOCUMENTATION_COMMENTS = YES;
				CLANG_WARN_EMPTY_BODY = YES;
				CLANG_WARN_ENUM_CONVERSION = YES;
				CLANG_WARN_INFINITE_RECURSION = YES;
				CLANG_WARN_INT_CONVERSION = YES;
				CLANG_WARN_NON_LITERAL_NULL_CONVERSION = YES;
				CLANG_WARN_OBJC_IMPLICIT_RETAIN_SELF = YES;
				CLANG_WARN_OBJC_LITERAL_CONVERSION = YES;
				CLANG_WARN_OBJC_ROOT_CLASS = YES_ERROR;
				CLANG_WARN_QUOTED_INCLUDE_IN_FRAMEWORK_HEADER = YES;
				CLANG_WARN_RANGE_LOOP_ANALYSIS = YES;
				CLANG_WARN_STRICT_PROTOTYPES = YES;
				CLANG_WARN_SUSPICIOUS_MOVE = YES;
				CLANG_WARN_UNGUARDED_AVAILABILITY = YES_AGGRESSIVE;
				CLANG_WARN_UNREACHABLE_CODE = YES;
				CLANG_WARN__DUPLICATE_METHOD_MATCH = YES;
				COPY_PHASE_STRIP = NO;
				DEBUG_INFORMATION_FORMAT = "dwarf-with-dsym";
				ENABLE_NS_ASSERTIONS = NO;
				ENABLE_STRICT_OBJC_MSGSEND = YES;
				ENABLE_USER_SCRIPT_SANDBOXING = YES;
				GCC_C_LANGUAGE_STANDARD = gnu17;
				GCC_NO_COMMON_BLOCKS = YES;
				GCC_WARN_64_TO_32_BIT_CONVERSION = YES;
				GCC_WARN_ABOUT_RETURN_TYPE = YES_ERROR;
				GCC_WARN_UNDECLARED_SELECTOR = YES;
				GCC_WARN_UNINITIALIZED_AUTOS = YES_AGGRESSIVE;
				GCC_WARN_UNUSED_FUNCTION = YES;
				GCC_WARN_UNUSED_VARIABLE = YES;
				IPHONEOS_DEPLOYMENT_TARGET = 17.5;
				LOCALIZATION_PREFERS_STRING_CATALOGS = YES;
				MTL_ENABLE_DEBUG_INFO = NO;
				MTL_FAST_MATH = YES;
				SDKROOT = iphoneos;
				SWIFT_COMPILATION_MODE = wholemodule;
				VALIDATE_PRODUCT = YES;
			};
			name = Release;
		};
		7BFFF4532C85D85B00FE9749 /* Debug */ = {
			isa = XCBuildConfiguration;
			buildSettings = {
				ASSETCATALOG_COMPILER_APPICON_NAME = AppIcon;
				ASSETCATALOG_COMPILER_GLOBAL_ACCENT_COLOR_NAME = AccentColor;
				CODE_SIGN_STYLE = Automatic;
				CURRENT_PROJECT_VERSION = 1;
				DEVELOPMENT_ASSET_PATHS = "\"MultepeerMessager/Preview Content\"";
				DEVELOPMENT_TEAM = 937MK3AF6X;
				ENABLE_PREVIEWS = YES;
				GENERATE_INFOPLIST_FILE = YES;
				INFOPLIST_KEY_UIApplicationSceneManifest_Generation = YES;
				INFOPLIST_KEY_UIApplicationSupportsIndirectInputEvents = YES;
				INFOPLIST_KEY_UILaunchScreen_Generation = YES;
				INFOPLIST_KEY_UISupportedInterfaceOrientations_iPad = "UIInterfaceOrientationPortrait UIInterfaceOrientationPortraitUpsideDown UIInterfaceOrientationLandscapeLeft UIInterfaceOrientationLandscapeRight";
				INFOPLIST_KEY_UISupportedInterfaceOrientations_iPhone = "UIInterfaceOrientationPortrait UIInterfaceOrientationLandscapeLeft UIInterfaceOrientationLandscapeRight";
				LD_RUNPATH_SEARCH_PATHS = (
					"$(inherited)",
					"@executable_path/Frameworks",
				);
				MARKETING_VERSION = 1.0;
				PRODUCT_BUNDLE_IDENTIFIER = com.sampaio.messagerMultipeer.MultepeerMessager;
				PRODUCT_NAME = "$(TARGET_NAME)";
				SWIFT_EMIT_LOC_STRINGS = YES;
				SWIFT_VERSION = 5.0;
				TARGETED_DEVICE_FAMILY = "1,2";
			};
			name = Debug;
		};
		7BFFF4542C85D85B00FE9749 /* Release */ = {
			isa = XCBuildConfiguration;
			buildSettings = {
				ASSETCATALOG_COMPILER_APPICON_NAME = AppIcon;
				ASSETCATALOG_COMPILER_GLOBAL_ACCENT_COLOR_NAME = AccentColor;
				CODE_SIGN_STYLE = Automatic;
				CURRENT_PROJECT_VERSION = 1;
				DEVELOPMENT_ASSET_PATHS = "\"MultepeerMessager/Preview Content\"";
				DEVELOPMENT_TEAM = 937MK3AF6X;
				ENABLE_PREVIEWS = YES;
				GENERATE_INFOPLIST_FILE = YES;
				INFOPLIST_KEY_UIApplicationSceneManifest_Generation = YES;
				INFOPLIST_KEY_UIApplicationSupportsIndirectInputEvents = YES;
				INFOPLIST_KEY_UILaunchScreen_Generation = YES;
				INFOPLIST_KEY_UISupportedInterfaceOrientations_iPad = "UIInterfaceOrientationPortrait UIInterfaceOrientationPortraitUpsideDown UIInterfaceOrientationLandscapeLeft UIInterfaceOrientationLandscapeRight";
				INFOPLIST_KEY_UISupportedInterfaceOrientations_iPhone = "UIInterfaceOrientationPortrait UIInterfaceOrientationLandscapeLeft UIInterfaceOrientationLandscapeRight";
				LD_RUNPATH_SEARCH_PATHS = (
					"$(inherited)",
					"@executable_path/Frameworks",
				);
				MARKETING_VERSION = 1.0;
				PRODUCT_BUNDLE_IDENTIFIER = com.sampaio.messagerMultipeer.MultepeerMessager;
				PRODUCT_NAME = "$(TARGET_NAME)";
				SWIFT_EMIT_LOC_STRINGS = YES;
				SWIFT_VERSION = 5.0;
				TARGETED_DEVICE_FAMILY = "1,2";
			};
			name = Release;
		};
		7BFFF4562C85D85B00FE9749 /* Debug */ = {
			isa = XCBuildConfiguration;
			buildSettings = {
				ALWAYS_EMBED_SWIFT_STANDARD_LIBRARIES = YES;
				BUNDLE_LOADER = "$(TEST_HOST)";
				CODE_SIGN_STYLE = Automatic;
				CURRENT_PROJECT_VERSION = 1;
				DEVELOPMENT_TEAM = 937MK3AF6X;
				GENERATE_INFOPLIST_FILE = YES;
				IPHONEOS_DEPLOYMENT_TARGET = 17.5;
				MARKETING_VERSION = 1.0;
				PRODUCT_BUNDLE_IDENTIFIER = com.sampaio.messagerMultipeer.MultepeerMessagerTests;
				PRODUCT_NAME = "$(TARGET_NAME)";
				SWIFT_EMIT_LOC_STRINGS = NO;
				SWIFT_VERSION = 5.0;
				TARGETED_DEVICE_FAMILY = "1,2";
				TEST_HOST = "$(BUILT_PRODUCTS_DIR)/MultepeerMessager.app/$(BUNDLE_EXECUTABLE_FOLDER_PATH)/MultepeerMessager";
			};
			name = Debug;
		};
		7BFFF4572C85D85B00FE9749 /* Release */ = {
			isa = XCBuildConfiguration;
			buildSettings = {
				ALWAYS_EMBED_SWIFT_STANDARD_LIBRARIES = YES;
				BUNDLE_LOADER = "$(TEST_HOST)";
				CODE_SIGN_STYLE = Automatic;
				CURRENT_PROJECT_VERSION = 1;
				DEVELOPMENT_TEAM = 937MK3AF6X;
				GENERATE_INFOPLIST_FILE = YES;
				IPHONEOS_DEPLOYMENT_TARGET = 17.5;
				MARKETING_VERSION = 1.0;
				PRODUCT_BUNDLE_IDENTIFIER = com.sampaio.messagerMultipeer.MultepeerMessagerTests;
				PRODUCT_NAME = "$(TARGET_NAME)";
				SWIFT_EMIT_LOC_STRINGS = NO;
				SWIFT_VERSION = 5.0;
				TARGETED_DEVICE_FAMILY = "1,2";
				TEST_HOST = "$(BUILT_PRODUCTS_DIR)/MultepeerMessager.app/$(BUNDLE_EXECUTABLE_FOLDER_PATH)/MultepeerMessager";
			};
			name = Release;
		};
		7BFFF4592C85D85B00FE9749 /* Debug */ = {
			isa = XCBuildConfiguration;
			buildSettings = {
				ALWAYS_EMBED_SWIFT_STANDARD_LIBRARIES = YES;
				CODE_SIGN_STYLE = Automatic;
				CURRENT_PROJECT_VERSION = 1;
				DEVELOPMENT_TEAM = 937MK3AF6X;
				GENERATE_INFOPLIST_FILE = YES;
				MARKETING_VERSION = 1.0;
				PRODUCT_BUNDLE_IDENTIFIER = com.sampaio.messagerMultipeer.MultepeerMessagerUITests;
				PRODUCT_NAME = "$(TARGET_NAME)";
				SWIFT_EMIT_LOC_STRINGS = NO;
				SWIFT_VERSION = 5.0;
				TARGETED_DEVICE_FAMILY = "1,2";
				TEST_TARGET_NAME = MultepeerMessager;
			};
			name = Debug;
		};
		7BFFF45A2C85D85B00FE9749 /* Release */ = {
			isa = XCBuildConfiguration;
			buildSettings = {
				ALWAYS_EMBED_SWIFT_STANDARD_LIBRARIES = YES;
				CODE_SIGN_STYLE = Automatic;
				CURRENT_PROJECT_VERSION = 1;
				DEVELOPMENT_TEAM = 937MK3AF6X;
				GENERATE_INFOPLIST_FILE = YES;
				MARKETING_VERSION = 1.0;
				PRODUCT_BUNDLE_IDENTIFIER = com.sampaio.messagerMultipeer.MultepeerMessagerUITests;
				PRODUCT_NAME = "$(TARGET_NAME)";
				SWIFT_EMIT_LOC_STRINGS = NO;
				SWIFT_VERSION = 5.0;
				TARGETED_DEVICE_FAMILY = "1,2";
				TEST_TARGET_NAME = MultepeerMessager;
			};
			name = Release;
		};
/* End XCBuildConfiguration section */

/* Begin XCConfigurationList section */
		7BFFF4242C85D85900FE9749 /* Build configuration list for PBXProject "MultepeerMessager" */ = {
			isa = XCConfigurationList;
			buildConfigurations = (
				7BFFF4502C85D85B00FE9749 /* Debug */,
				7BFFF4512C85D85B00FE9749 /* Release */,
			);
			defaultConfigurationIsVisible = 0;
			defaultConfigurationName = Release;
		};
		7BFFF4522C85D85B00FE9749 /* Build configuration list for PBXNativeTarget "MultepeerMessager" */ = {
			isa = XCConfigurationList;
			buildConfigurations = (
				7BFFF4532C85D85B00FE9749 /* Debug */,
				7BFFF4542C85D85B00FE9749 /* Release */,
			);
			defaultConfigurationIsVisible = 0;
			defaultConfigurationName = Release;
		};
		7BFFF4552C85D85B00FE9749 /* Build configuration list for PBXNativeTarget "MultepeerMessagerTests" */ = {
			isa = XCConfigurationList;
			buildConfigurations = (
				7BFFF4562C85D85B00FE9749 /* Debug */,
				7BFFF4572C85D85B00FE9749 /* Release */,
			);
			defaultConfigurationIsVisible = 0;
			defaultConfigurationName = Release;
		};
		7BFFF4582C85D85B00FE9749 /* Build configuration list for PBXNativeTarget "MultepeerMessagerUITests" */ = {
			isa = XCConfigurationList;
			buildConfigurations = (
				7BFFF4592C85D85B00FE9749 /* Debug */,
				7BFFF45A2C85D85B00FE9749 /* Release */,
			);
			defaultConfigurationIsVisible = 0;
			defaultConfigurationName = Release;
		};
/* End XCConfigurationList section */

/* Begin XCVersionGroup section */
		7BFFF4372C85D85A00FE9749 /* MultepeerMessager.xcdatamodeld */ = {
			isa = XCVersionGroup;
			children = (
				7BFFF4382C85D85A00FE9749 /* MultepeerMessager.xcdatamodel */,
			);
			currentVersion = 7BFFF4382C85D85A00FE9749 /* MultepeerMessager.xcdatamodel */;
			path = MultepeerMessager.xcdatamodeld;
			sourceTree = "<group>";
			versionGroupType = wrapper.xcdatamodel;
		};
/* End XCVersionGroup section */
	};
	rootObject = 7BFFF4212C85D85900FE9749 /* Project object */;
}
